
Microsoft Visual Studio Solution File, Format Version 12.00
# Visual Studio Version 17
VisualStudioVersion = 17.14.36623.8 d17.14
MinimumVisualStudioVersion = 10.0.40219.1
Project("{FAE04EC0-301F-11D3-BF4B-00C04F79EFBC}") = "BankAccountSystem", "BankAccountSystem.csproj", "{A57D9721-26CD-494D-A280-3246D98BBCC4}"
EndProject
Global
	GlobalSection(SolutionConfigurationPlatforms) = preSolution
		Debug|Any CPU = Debug|Any CPU
		Release|Any CPU = Release|Any CPU
	EndGlobalSection
	GlobalSection(ProjectConfigurationPlatforms) = postSolution
		{A57D9721-26CD-494D-A280-3246D98BBCC4}.Debug|Any CPU.ActiveCfg = Debug|Any CPU
		{A57D9721-26CD-494D-A280-3246D98BBCC4}.Debug|Any CPU.Build.0 = Debug|Any CPU
		{A57D9721-26CD-494D-A280-3246D98BBCC4}.Release|Any CPU.ActiveCfg = Release|Any CPU
		{A57D9721-26CD-494D-A280-3246D98BBCC4}.Release|Any CPU.Build.0 = Release|Any CPU
	EndGlobalSection
	GlobalSection(SolutionProperties) = preSolution
		HideSolutionNode = FALSE
	EndGlobalSection
	GlobalSection(ExtensibilityGlobals) = postSolution
		SolutionGuid = {5995CD50-7B5B-4F10-8E78-0C7D4F28A512}
	EndGlobalSection
EndGlobal
